
Microsoft Visual Studio Solution File, Format Version 12.00
# Visual Studio Version 17
VisualStudioVersion = 17.3.32519.111
MinimumVisualStudioVersion = 10.0.40219.1
Project("{FAE04EC0-301F-11D3-BF4B-00C04F79EFBC}") = "FinealthIdentityService", "FinealthIdentityService\FinealthIdentityService.csproj", "{D7995033-F5A4-49D0-8566-4A897CF8ADEA}"
EndProject
Global
	GlobalSection(SolutionConfigurationPlatforms) = preSolution
		Debug|Any CPU = Debug|Any CPU
		Release|Any CPU = Release|Any CPU
	EndGlobalSection
	GlobalSection(ProjectConfigurationPlatforms) = postSolution
		{D7995033-F5A4-49D0-8566-4A897CF8ADEA}.Debug|Any CPU.ActiveCfg = Debug|Any CPU
		{D7995033-F5A4-49D0-8566-4A897CF8ADEA}.Debug|Any CPU.Build.0 = Debug|Any CPU
		{D7995033-F5A4-49D0-8566-4A897CF8ADEA}.Release|Any CPU.ActiveCfg = Release|Any CPU
		{D7995033-F5A4-49D0-8566-4A897CF8ADEA}.Release|Any CPU.Build.0 = Release|Any CPU
	EndGlobalSection
	GlobalSection(SolutionProperties) = preSolution
		HideSolutionNode = FALSE
	EndGlobalSection
	GlobalSection(ExtensibilityGlobals) = postSolution
		SolutionGuid = {67E39390-0983-4A7A-9FAC-5939CF3DBE6D}
	EndGlobalSection
EndGlobal
